
Microsoft Visual Studio Solution File, Format Version 12.00
# Visual Studio 14
VisualStudioVersion = 14.0.25420.1
MinimumVisualStudioVersion = 10.0.40219.1
Project("{FAE04EC0-301F-11D3-BF4B-00C04F79EFBC}") = "LTMTuan4Bai2", "LTMTuan4Bai2.csproj", "{8687A5B9-AA57-49B6-8BB9-07FCDAB0A1A5}"
EndProject
Global
	GlobalSection(SolutionConfigurationPlatforms) = preSolution
		Debug|Any CPU = Debug|Any CPU
		Release|Any CPU = Release|Any CPU
	EndGlobalSection
	GlobalSection(ProjectConfigurationPlatforms) = postSolution
		{8687A5B9-AA57-49B6-8BB9-07FCDAB0A1A5}.Debug|Any CPU.ActiveCfg = Debug|Any CPU
		{8687A5B9-AA57-49B6-8BB9-07FCDAB0A1A5}.Debug|Any CPU.Build.0 = Debug|Any CPU
		{8687A5B9-AA57-49B6-8BB9-07FCDAB0A1A5}.Release|Any CPU.ActiveCfg = Release|Any CPU
		{8687A5B9-AA57-49B6-8BB9-07FCDAB0A1A5}.Release|Any CPU.Build.0 = Release|Any CPU
	EndGlobalSection
	GlobalSection(SolutionProperties) = preSolution
		HideSolutionNode = FALSE
	EndGlobalSection
EndGlobal
